
Microsoft Visual Studio Solution File, Format Version 12.00
# Visual Studio Version 17
VisualStudioVersion = 17.11.35312.102
MinimumVisualStudioVersion = 10.0.40219.1
Project("{FAE04EC0-301F-11D3-BF4B-00C04F79EFBC}") = "2169", "2169.csproj", "{9CA1E5DB-C908-4DF5-818E-B3C9B28333B2}"
EndProject
Global
	GlobalSection(SolutionConfigurationPlatforms) = preSolution
		Debug|Any CPU = Debug|Any CPU
		Release|Any CPU = Release|Any CPU
	EndGlobalSection
	GlobalSection(ProjectConfigurationPlatforms) = postSolution
		{9CA1E5DB-C908-4DF5-818E-B3C9B28333B2}.Debug|Any CPU.ActiveCfg = Debug|Any CPU
		{9CA1E5DB-C908-4DF5-818E-B3C9B28333B2}.Debug|Any CPU.Build.0 = Debug|Any CPU
		{9CA1E5DB-C908-4DF5-818E-B3C9B28333B2}.Release|Any CPU.ActiveCfg = Release|Any CPU
		{9CA1E5DB-C908-4DF5-818E-B3C9B28333B2}.Release|Any CPU.Build.0 = Release|Any CPU
	EndGlobalSection
	GlobalSection(SolutionProperties) = preSolution
		HideSolutionNode = FALSE
	EndGlobalSection
	GlobalSection(ExtensibilityGlobals) = postSolution
		SolutionGuid = {EA947BF3-2396-4149-95DF-6EF952A7CD52}
	EndGlobalSection
EndGlobal
