
Microsoft Visual Studio Solution File, Format Version 12.00
# Visual Studio Version 17
VisualStudioVersion = 17.7.34202.233
MinimumVisualStudioVersion = 10.0.40219.1
Project("{FAE04EC0-301F-11D3-BF4B-00C04F79EFBC}") = "1920", "1920.csproj", "{275C82DB-3D37-4300-9ADA-CC2E5C48D9C9}"
EndProject
Global
	GlobalSection(SolutionConfigurationPlatforms) = preSolution
		Debug|Any CPU = Debug|Any CPU
		Release|Any CPU = Release|Any CPU
	EndGlobalSection
	GlobalSection(ProjectConfigurationPlatforms) = postSolution
		{275C82DB-3D37-4300-9ADA-CC2E5C48D9C9}.Debug|Any CPU.ActiveCfg = Debug|Any CPU
		{275C82DB-3D37-4300-9ADA-CC2E5C48D9C9}.Debug|Any CPU.Build.0 = Debug|Any CPU
		{275C82DB-3D37-4300-9ADA-CC2E5C48D9C9}.Release|Any CPU.ActiveCfg = Release|Any CPU
		{275C82DB-3D37-4300-9ADA-CC2E5C48D9C9}.Release|Any CPU.Build.0 = Release|Any CPU
	EndGlobalSection
	GlobalSection(SolutionProperties) = preSolution
		HideSolutionNode = FALSE
	EndGlobalSection
	GlobalSection(ExtensibilityGlobals) = postSolution
		SolutionGuid = {AEF6AAED-6A31-48C4-B565-B8A45C00902F}
	EndGlobalSection
EndGlobal
