
Microsoft Visual Studio Solution File, Format Version 12.00
# Visual Studio Version 17
VisualStudioVersion = 17.7.34202.233
MinimumVisualStudioVersion = 10.0.40219.1
Project("{FAE04EC0-301F-11D3-BF4B-00C04F79EFBC}") = "1927", "1927.csproj", "{D8BE3F8E-A8AB-4683-8DC3-4C69017CC34B}"
EndProject
Global
	GlobalSection(SolutionConfigurationPlatforms) = preSolution
		Debug|Any CPU = Debug|Any CPU
		Release|Any CPU = Release|Any CPU
	EndGlobalSection
	GlobalSection(ProjectConfigurationPlatforms) = postSolution
		{D8BE3F8E-A8AB-4683-8DC3-4C69017CC34B}.Debug|Any CPU.ActiveCfg = Debug|Any CPU
		{D8BE3F8E-A8AB-4683-8DC3-4C69017CC34B}.Debug|Any CPU.Build.0 = Debug|Any CPU
		{D8BE3F8E-A8AB-4683-8DC3-4C69017CC34B}.Release|Any CPU.ActiveCfg = Release|Any CPU
		{D8BE3F8E-A8AB-4683-8DC3-4C69017CC34B}.Release|Any CPU.Build.0 = Release|Any CPU
	EndGlobalSection
	GlobalSection(SolutionProperties) = preSolution
		HideSolutionNode = FALSE
	EndGlobalSection
	GlobalSection(ExtensibilityGlobals) = postSolution
		SolutionGuid = {CE4F3868-C304-4712-9499-CED7927E81AA}
	EndGlobalSection
EndGlobal
